
Microsoft Visual Studio Solution File, Format Version 12.00
# Visual Studio Version 16
VisualStudioVersion = 16.0.29403.142
MinimumVisualStudioVersion = 10.0.40219.1
Project("{8BC9CEB8-8B4A-11D0-8D11-00A0C91BC942}") = "Hough_transform2", "Hough_transform2.vcxproj", "{961C9B70-C828-47AE-B77E-1947E7B7A8A7}"
EndProject
Global
	GlobalSection(SolutionConfigurationPlatforms) = preSolution
		Debug|x64 = Debug|x64
		Debug|x86 = Debug|x86
		Release|x64 = Release|x64
		Release|x86 = Release|x86
	EndGlobalSection
	GlobalSection(ProjectConfigurationPlatforms) = postSolution
		{961C9B70-C828-47AE-B77E-1947E7B7A8A7}.Debug|x64.ActiveCfg = Debug|x64
		{961C9B70-C828-47AE-B77E-1947E7B7A8A7}.Debug|x64.Build.0 = Debug|x64
		{961C9B70-C828-47AE-B77E-1947E7B7A8A7}.Debug|x86.ActiveCfg = Debug|Win32
		{961C9B70-C828-47AE-B77E-1947E7B7A8A7}.Debug|x86.Build.0 = Debug|Win32
		{961C9B70-C828-47AE-B77E-1947E7B7A8A7}.Release|x64.ActiveCfg = Release|x64
		{961C9B70-C828-47AE-B77E-1947E7B7A8A7}.Release|x64.Build.0 = Release|x64
		{961C9B70-C828-47AE-B77E-1947E7B7A8A7}.Release|x86.ActiveCfg = Release|Win32
		{961C9B70-C828-47AE-B77E-1947E7B7A8A7}.Release|x86.Build.0 = Release|Win32
	EndGlobalSection
	GlobalSection(SolutionProperties) = preSolution
		HideSolutionNode = FALSE
	EndGlobalSection
	GlobalSection(ExtensibilityGlobals) = postSolution
		SolutionGuid = {C7FAB83E-BA7A-4E34-8AAA-03343DF40518}
	EndGlobalSection
EndGlobal
